
Microsoft Visual Studio Solution File, Format Version 12.00
# Visual Studio 15
VisualStudioVersion = 15.0.27428.2037
MinimumVisualStudioVersion = 10.0.40219.1
Project("{E24C65DC-7377-472B-9ABA-BC803B73C61A}") = "개인홈페이지_유근혁", ".", "{3E547791-F9F9-4708-913E-4D6A21D399A6}"
	ProjectSection(WebsiteProperties) = preProject
		TargetFrameworkMoniker = ".NETFramework,Version%3Dv4.0"
		Debug.AspNetCompiler.VirtualPath = "/localhost_52651"
		Debug.AspNetCompiler.PhysicalPath = "..\..\..\..\Desktop\웹프 과제\webProg_유근혁_hw#5\개인홈페이지_유근혁\"
		Debug.AspNetCompiler.TargetPath = "PrecompiledWeb\localhost_52651\"
		Debug.AspNetCompiler.Updateable = "true"
		Debug.AspNetCompiler.ForceOverwrite = "true"
		Debug.AspNetCompiler.FixedNames = "false"
		Debug.AspNetCompiler.Debug = "True"
		Release.AspNetCompiler.VirtualPath = "/localhost_52651"
		Release.AspNetCompiler.PhysicalPath = "..\..\..\..\Desktop\웹프 과제\webProg_유근혁_hw#5\개인홈페이지_유근혁\"
		Release.AspNetCompiler.TargetPath = "PrecompiledWeb\localhost_52651\"
		Release.AspNetCompiler.Updateable = "true"
		Release.AspNetCompiler.ForceOverwrite = "true"
		Release.AspNetCompiler.FixedNames = "false"
		Release.AspNetCompiler.Debug = "False"
		VWDPort = "52651"
	EndProjectSection
EndProject
Global
	GlobalSection(SolutionConfigurationPlatforms) = preSolution
		Debug|Any CPU = Debug|Any CPU
	EndGlobalSection
	GlobalSection(ProjectConfigurationPlatforms) = postSolution
		{3E547791-F9F9-4708-913E-4D6A21D399A6}.Debug|Any CPU.ActiveCfg = Debug|Any CPU
		{3E547791-F9F9-4708-913E-4D6A21D399A6}.Debug|Any CPU.Build.0 = Debug|Any CPU
	EndGlobalSection
	GlobalSection(SolutionProperties) = preSolution
		HideSolutionNode = FALSE
	EndGlobalSection
	GlobalSection(ExtensibilityGlobals) = postSolution
		SolutionGuid = {0B79703B-1D97-4F2F-863C-D0D34CF8415F}
	EndGlobalSection
EndGlobal
